Microsoft Visual Studio Solution File, Format Version 12.00
# Visual Studio Version 17
VisualStudioVersion = 17.13.35731.43
MinimumVisualStudioVersion = 10.0.40219.1
Project("{888888A0-9F3D-457C-B088-3A5042F75D52}") = "ArtificialServiceAdvisor", "ArtificialServiceAdvisor.pyproj", "{B16B12A6-7D21-4796-B379-DA8CD8B8A276}"
EndProject
Global
	GlobalSection(SolutionConfigurationPlatforms) = preSolution
		Debug|Any CPU = Debug|Any CPU
		Release|Any CPU = Release|Any CPU
	EndGlobalSection
	GlobalSection(ProjectConfigurationPlatforms) = postSolution
		{B16B12A6-7D21-4796-B379-DA8CD8B8A276}.Debug|Any CPU.ActiveCfg = Debug|Any CPU
		{B16B12A6-7D21-4796-B379-DA8CD8B8A276}.Release|Any CPU.ActiveCfg = Release|Any CPU
	EndGlobalSection
	GlobalSection(SolutionProperties) = preSolution
		HideSolutionNode = FALSE
	EndGlobalSection
	GlobalSection(ExtensibilityGlobals) = postSolution
		SolutionGuid = {AB2B2475-B5C5-46DB-9BB9-EC5AE00AA478}
	EndGlobalSection
EndGlobal
